
Microsoft Visual Studio Solution File, Format Version 12.00
# Visual Studio Version 17
VisualStudioVersion = 17.13.35617.110 d17.13
MinimumVisualStudioVersion = 10.0.40219.1
Project("{FAE04EC0-301F-11D3-BF4B-00C04F79EFBC}") = "SharpTeach", "SharpTeach\SharpTeach.csproj", "{1CF68FE7-CE0B-4BCB-B412-936560B82BDD}"
EndProject
Global
	GlobalSection(SolutionConfigurationPlatforms) = preSolution
		Debug|Any CPU = Debug|Any CPU
		Release|Any CPU = Release|Any CPU
	EndGlobalSection
	GlobalSection(ProjectConfigurationPlatforms) = postSolution
		{1CF68FE7-CE0B-4BCB-B412-936560B82BDD}.Debug|Any CPU.ActiveCfg = Debug|Any CPU
		{1CF68FE7-CE0B-4BCB-B412-936560B82BDD}.Debug|Any CPU.Build.0 = Debug|Any CPU
		{1CF68FE7-CE0B-4BCB-B412-936560B82BDD}.Release|Any CPU.ActiveCfg = Release|Any CPU
		{1CF68FE7-CE0B-4BCB-B412-936560B82BDD}.Release|Any CPU.Build.0 = Release|Any CPU
	EndGlobalSection
	GlobalSection(SolutionProperties) = preSolution
		HideSolutionNode = FALSE
	EndGlobalSection
	GlobalSection(ExtensibilityGlobals) = postSolution
		SolutionGuid = {111A6ED1-E5D6-4F38-9753-AFB1B6A817C6}
	EndGlobalSection
EndGlobal
